
Microsoft Visual Studio Solution File, Format Version 12.00
# Visual Studio Version 17
VisualStudioVersion = 17.5.2.0
MinimumVisualStudioVersion = 10.0.40219.1
Project("{FAE04EC0-301F-11D3-BF4B-00C04F79EFBC}") = "Aulas Programação", "Aulas Programação.csproj", "{0DC586DF-FCC1-696C-61A5-699E3B7055E3}"
EndProject
Global
	GlobalSection(SolutionConfigurationPlatforms) = preSolution
		Debug|Any CPU = Debug|Any CPU
		Release|Any CPU = Release|Any CPU
	EndGlobalSection
	GlobalSection(ProjectConfigurationPlatforms) = postSolution
		{0DC586DF-FCC1-696C-61A5-699E3B7055E3}.Debug|Any CPU.ActiveCfg = Debug|Any CPU
		{0DC586DF-FCC1-696C-61A5-699E3B7055E3}.Debug|Any CPU.Build.0 = Debug|Any CPU
		{0DC586DF-FCC1-696C-61A5-699E3B7055E3}.Release|Any CPU.ActiveCfg = Release|Any CPU
		{0DC586DF-FCC1-696C-61A5-699E3B7055E3}.Release|Any CPU.Build.0 = Release|Any CPU
	EndGlobalSection
	GlobalSection(SolutionProperties) = preSolution
		HideSolutionNode = FALSE
	EndGlobalSection
	GlobalSection(ExtensibilityGlobals) = postSolution
		SolutionGuid = {B1683288-FD4E-4924-9B83-44CDFAB32C36}
	EndGlobalSection
EndGlobal
